// !$*UTF8*$!
{
	archiveVersion = 1;
	classes = {
	};
	objectVersion = 77;
	objects = {

/* Begin PBXContainerItemProxy section */
		D40262652DB67C8000D4B0FC /* PBXContainerItemProxy */ = {
			isa = PBXContainerItemProxy;
			containerPortal = D402624A2DB67C7F00D4B0FC /* Project object */;
			proxyType = 1;
			remoteGlobalIDString = D40262512DB67C7F00D4B0FC;
			remoteInfo = DexAlarmsPlus;
		};
		D402626F2DB67C8000D4B0FC /* PBXContainerItemProxy */ = {
			isa = PBXContainerItemProxy;
			containerPortal = D402624A2DB67C7F00D4B0FC /* Project object */;
			proxyType = 1;
			remoteGlobalIDString = D40262512DB67C7F00D4B0FC;
			remoteInfo = DexAlarmsPlus;
		};
/* End PBXContainerItemProxy section */

/* Begin PBXFileReference section */
		D40262522DB67C7F00D4B0FC /* DexAlarmsPlus.app */ = {isa = PBXFileReference; explicitFileType = wrapper.application; includeInIndex = 0; path = DexAlarmsPlus.app; sourceTree = BUILT_PRODUCTS_DIR; };
		D40262642DB67C8000D4B0FC /* DexAlarmsPlusTests.xctest */ = {isa = PBXFileReference; explicitFileType = wrapper.cfbundle; includeInIndex = 0; path = DexAlarmsPlusTests.xctest; sourceTree = BUILT_PRODUCTS_DIR; };
		D402626E2DB67C8000D4B0FC /* DexAlarmsPlusUITests.xctest */ = {isa = PBXFileReference; explicitFileType = wrapper.cfbundle; includeInIndex = 0; path = DexAlarmsPlusUITests.xctest; sourceTree = BUILT_PRODUCTS_DIR; };
/* End PBXFileReference section */

/* Begin PBXFileSystemSynchronizedBuildFileExceptionSet section */
		D40262882DB67EAD00D4B0FC /* Exceptions for "DexAlarmsPlus" folder in "DexAlarmsPlus" target */ = {
			isa = PBXFileSystemSynchronizedBuildFileExceptionSet;
			membershipExceptions = (
				Info.plist,
			);
			target = D40262512DB67C7F00D4B0FC /* DexAlarmsPlus */;
		};
/* End PBXFileSystemSynchronizedBuildFileExceptionSet section */

/* Begin PBXFileSystemSynchronizedRootGroup section */
		D40262542DB67C7F00D4B0FC /* DexAlarmsPlus */ = {
			isa = PBXFileSystemSynchronizedRootGroup;
			exceptions = (
				D40262882DB67EAD00D4B0FC /* Exceptions for "DexAlarmsPlus" folder in "DexAlarmsPlus" target */,
			);
			path = DexAlarmsPlus;
			sourceTree = "<group>";
		};
		D40262672DB67C8000D4B0FC /* DexAlarmsPlusTests */ = {
			isa = PBXFileSystemSynchronizedRootGroup;
			path = DexAlarmsPlusTests;
			sourceTree = "<group>";
		};
		D40262712DB67C8000D4B0FC /* DexAlarmsPlusUITests */ = {
			isa = PBXFileSystemSynchronizedRootGroup;
			path = DexAlarmsPlusUITests;
			sourceTree = "<group>";
		};
/* End PBXFileSystemSynchronizedRootGroup section */

/* Begin PBXFrameworksBuildPhase section */
		D402624F2DB67C7F00D4B0FC /* Frameworks */ = {
			isa = PBXFrameworksBuildPhase;
			buildActionMask = 2147483647;
			files = (
			);
			runOnlyForDeploymentPostprocessing = 0;
		};
		D40262612DB67C8000D4B0FC /* Frameworks */ = {
			isa = PBXFrameworksBuildPhase;
			buildActionMask = 2147483647;
			files = (
			);
			runOnlyForDeploymentPostprocessing = 0;
		};
		D402626B2DB67C8000D4B0FC /* Frameworks */ = {
			isa = PBXFrameworksBuildPhase;
			buildActionMask = 2147483647;
			files = (
			);
			runOnlyForDeploymentPostprocessing = 0;
		};
/* End PBXFrameworksBuildPhase section */

/* Begin PBXGroup section */
		D40262492DB67C7F00D4B0FC = {
			isa = PBXGroup;
			children = (
				D40262542DB67C7F00D4B0FC /* DexAlarmsPlus */,
				D40262672DB67C8000D4B0FC /* DexAlarmsPlusTests */,
				D40262712DB67C8000D4B0FC /* DexAlarmsPlusUITests */,
				D40262532DB67C7F00D4B0FC /* Products */,
			);
			sourceTree = "<group>";
		};
		D40262532DB67C7F00D4B0FC /* Products */ = {
			isa = PBXGroup;
			children = (
				D40262522DB67C7F00D4B0FC /* DexAlarmsPlus.app */,
				D40262642DB67C8000D4B0FC /* DexAlarmsPlusTests.xctest */,
				D402626E2DB67C8000D4B0FC /* DexAlarmsPlusUITests.xctest */,
			);
			name = Products;
			sourceTree = "<group>";
		};
/* End PBXGroup section */

/* Begin PBXNativeTarget section */
		D40262512DB67C7F00D4B0FC /* DexAlarmsPlus */ = {
			isa = PBXNativeTarget;
			buildConfigurationList = D40262782DB67C8000D4B0FC /* Build configuration list for PBXNativeTarget "DexAlarmsPlus" */;
			buildPhases = (
				D402624E2DB67C7F00D4B0FC /* Sources */,
				D402624F2DB67C7F00D4B0FC /* Frameworks */,
				D40262502DB67C7F00D4B0FC /* Resources */,
			);
			buildRules = (
			);
			dependencies = (
			);
			fileSystemSynchronizedGroups = (
				D40262542DB67C7F00D4B0FC /* DexAlarmsPlus */,
			);
			name = DexAlarmsPlus;
			packageProductDependencies = (
			);
			productName = DexAlarmsPlus;
			productReference = D40262522DB67C7F00D4B0FC /* DexAlarmsPlus.app */;
			productType = "com.apple.product-type.application";
		};
		D40262632DB67C8000D4B0FC /* DexAlarmsPlusTests */ = {
			isa = PBXNativeTarget;
			buildConfigurationList = D402627B2DB67C8000D4B0FC /* Build configuration list for PBXNativeTarget "DexAlarmsPlusTests" */;
			buildPhases = (
				D40262602DB67C8000D4B0FC /* Sources */,
				D40262612DB67C8000D4B0FC /* Frameworks */,
				D40262622DB67C8000D4B0FC /* Resources */,
			);
			buildRules = (
			);
			dependencies = (
				D40262662DB67C8000D4B0FC /* PBXTargetDependency */,
			);
			fileSystemSynchronizedGroups = (
				D40262672DB67C8000D4B0FC /* DexAlarmsPlusTests */,
			);
			name = DexAlarmsPlusTests;
			packageProductDependencies = (
			);
			productName = DexAlarmsPlusTests;
			productReference = D40262642DB67C8000D4B0FC /* DexAlarmsPlusTests.xctest */;
			productType = "com.apple.product-type.bundle.unit-test";
		};
		D402626D2DB67C8000D4B0FC /* DexAlarmsPlusUITests */ = {
			isa = PBXNativeTarget;
			buildConfigurationList = D402627E2DB67C8000D4B0FC /* Build configuration list for PBXNativeTarget "DexAlarmsPlusUITests" */;
			buildPhases = (
				D402626A2DB67C8000D4B0FC /* Sources */,
				D402626B2DB67C8000D4B0FC /* Frameworks */,
				D402626C2DB67C8000D4B0FC /* Resources */,
			);
			buildRules = (
			);
			dependencies = (
				D40262702DB67C8000D4B0FC /* PBXTargetDependency */,
			);
			fileSystemSynchronizedGroups = (
				D40262712DB67C8000D4B0FC /* DexAlarmsPlusUITests */,
			);
			name = DexAlarmsPlusUITests;
			packageProductDependencies = (
			);
			productName = DexAlarmsPlusUITests;
			productReference = D402626E2DB67C8000D4B0FC /* DexAlarmsPlusUITests.xctest */;
			productType = "com.apple.product-type.bundle.ui-testing";
		};
/* End PBXNativeTarget section */

/* Begin PBXProject section */
		D402624A2DB67C7F00D4B0FC /* Project object */ = {
			isa = PBXProject;
			attributes = {
				BuildIndependentTargetsInParallel = 1;
				LastSwiftUpdateCheck = 1630;
				LastUpgradeCheck = 1630;
				TargetAttributes = {
					D40262512DB67C7F00D4B0FC = {
						CreatedOnToolsVersion = 16.3;
					};
					D40262632DB67C8000D4B0FC = {
						CreatedOnToolsVersion = 16.3;
						TestTargetID = D40262512DB67C7F00D4B0FC;
					};
					D402626D2DB67C8000D4B0FC = {
						CreatedOnToolsVersion = 16.3;
						TestTargetID = D40262512DB67C7F00D4B0FC;
					};
				};
			};
			buildConfigurationList = D402624D2DB67C7F00D4B0FC /* Build configuration list for PBXProject "DexAlarmsPlus" */;
			developmentRegion = en;
			hasScannedForEncodings = 0;
			knownRegions = (
				en,
				Base,
			);
			mainGroup = D40262492DB67C7F00D4B0FC;
			minimizedProjectReferenceProxies = 1;
			preferredProjectObjectVersion = 77;
			productRefGroup = D40262532DB67C7F00D4B0FC /* Products */;
			projectDirPath = "";
			projectRoot = "";
			targets = (
				D40262512DB67C7F00D4B0FC /* DexAlarmsPlus */,
				D40262632DB67C8000D4B0FC /* DexAlarmsPlusTests */,
				D402626D2DB67C8000D4B0FC /* DexAlarmsPlusUITests */,
			);
		};
/* End PBXProject section */

/* Begin PBXResourcesBuildPhase section */
		D40262502DB67C7F00D4B0FC /* Resources */ = {
			isa = PBXResourcesBuildPhase;
			buildActionMask = 2147483647;
			files = (
			);
			runOnlyForDeploymentPostprocessing = 0;
		};
		D40262622DB67C8000D4B0FC /* Resources */ = {
			isa = PBXResourcesBuildPhase;
			buildActionMask = 2147483647;
			files = (
			);
			runOnlyForDeploymentPostprocessing = 0;
		};
		D402626C2DB67C8000D4B0FC /* Resources */ = {
			isa = PBXResourcesBuildPhase;
			buildActionMask = 2147483647;
			files = (
			);
			runOnlyForDeploymentPostprocessing = 0;
		};
/* End PBXResourcesBuildPhase section */

/* Begin PBXSourcesBuildPhase section */
		D402624E2DB67C7F00D4B0FC /* Sources */ = {
			isa = PBXSourcesBuildPhase;
			buildActionMask = 2147483647;
			files = (
			);
			runOnlyForDeploymentPostprocessing = 0;
		};
		D40262602DB67C8000D4B0FC /* Sources */ = {
			isa = PBXSourcesBuildPhase;
			buildActionMask = 2147483647;
			files = (
			);
			runOnlyForDeploymentPostprocessing = 0;
		};
		D402626A2DB67C8000D4B0FC /* Sources */ = {
			isa = PBXSourcesBuildPhase;
			buildActionMask = 2147483647;
			files = (
			);
			runOnlyForDeploymentPostprocessing = 0;
		};
/* End PBXSourcesBuildPhase section */

/* Begin PBXTargetDependency section */
		D40262662DB67C8000D4B0FC /* PBXTargetDependency */ = {
			isa = PBXTargetDependency;
			target = D40262512DB67C7F00D4B0FC /* DexAlarmsPlus */;
			targetProxy = D40262652DB67C8000D4B0FC /* PBXContainerItemProxy */;
		};
		D40262702DB67C8000D4B0FC /* PBXTargetDependency */ = {
			isa = PBXTargetDependency;
			target = D40262512DB67C7F00D4B0FC /* DexAlarmsPlus */;
			targetProxy = D402626F2DB67C8000D4B0FC /* PBXContainerItemProxy */;
		};
/* End PBXTargetDependency section */

/* Begin XCBuildConfiguration section */
		D40262762DB67C8000D4B0FC /* Debug */ = {
			isa = XCBuildConfiguration;
			buildSettings = {
				ALWAYS_SEARCH_USER_PATHS = NO;
				ASSETCATALOG_COMPILER_GENERATE_SWIFT_ASSET_SYMBOL_EXTENSIONS = YES;
				CLANG_ANALYZER_NONNULL = YES;
				CLANG_ANALYZER_NUMBER_OBJECT_CONVERSION = YES_AGGRESSIVE;
				CLANG_CXX_LANGUAGE_STANDARD = "gnu++20";
				CLANG_ENABLE_MODULES = YES;
				CLANG_ENABLE_OBJC_ARC = YES;
				CLANG_ENABLE_OBJC_WEAK = YES;
				CLANG_WARN_BLOCK_CAPTURE_AUTORELEASING = YES;
				CLANG_WARN_BOOL_CONVERSION = YES;
				CLANG_WARN_COMMA = YES;
				CLANG_WARN_CONSTANT_CONVERSION = YES;
				CLANG_WARN_DEPRECATED_OBJC_IMPLEMENTATIONS = YES;
				CLANG_WARN_DIRECT_OBJC_ISA_USAGE = YES_ERROR;
				CLANG_WARN_DOCUMENTATION_COMMENTS = YES;
				CLANG_WARN_EMPTY_BODY = YES;
				CLANG_WARN_ENUM_CONVERSION = YES;
				CLANG_WARN_INFINITE_RECURSION = YES;
				CLANG_WARN_INT_CONVERSION = YES;
				CLANG_WARN_NON_LITERAL_NULL_CONVERSION = YES;
				CLANG_WARN_OBJC_IMPLICIT_RETAIN_SELF = YES;
				CLANG_WARN_OBJC_LITERAL_CONVERSION = YES;
				CLANG_WARN_OBJC_ROOT_CLASS = YES_ERROR;
				CLANG_WARN_QUOTED_INCLUDE_IN_FRAMEWORK_HEADER = YES;
				CLANG_WARN_RANGE_LOOP_ANALYSIS = YES;
				CLANG_WARN_STRICT_PROTOTYPES = YES;
				CLANG_WARN_SUSPICIOUS_MOVE = YES;
				CLANG_WARN_UNGUARDED_AVAILABILITY = YES_AGGRESSIVE;
				CLANG_WARN_UNREACHABLE_CODE = YES;
				CLANG_WARN__DUPLICATE_METHOD_MATCH = YES;
				COPY_PHASE_STRIP = NO;
				DEBUG_INFORMATION_FORMAT = dwarf;
				DEVELOPMENT_TEAM = 9WHJV52HKH;
				ENABLE_STRICT_OBJC_MSGSEND = YES;
				ENABLE_TESTABILITY = YES;
				ENABLE_USER_SCRIPT_SANDBOXING = YES;
				GCC_C_LANGUAGE_STANDARD = gnu17;
				GCC_DYNAMIC_NO_PIC = NO;
				GCC_NO_COMMON_BLOCKS = YES;
				GCC_OPTIMIZATION_LEVEL = 0;
				GCC_PREPROCESSOR_DEFINITIONS = (
					"DEBUG=1",
					"$(inherited)",
				);
				GCC_WARN_64_TO_32_BIT_CONVERSION = YES;
				GCC_WARN_ABOUT_RETURN_TYPE = YES_ERROR;
				GCC_WARN_UNDECLARED_SELECTOR = YES;
				GCC_WARN_UNINITIALIZED_AUTOS = YES_AGGRESSIVE;
				GCC_WARN_UNUSED_FUNCTION = YES;
				GCC_WARN_UNUSED_VARIABLE = YES;
				IPHONEOS_DEPLOYMENT_TARGET = 18.4;
				LOCALIZATION_PREFERS_STRING_CATALOGS = YES;
				MTL_ENABLE_DEBUG_INFO = INCLUDE_SOURCE;
				MTL_FAST_MATH = YES;
				ONLY_ACTIVE_ARCH = YES;
				SDKROOT = iphoneos;
				SWIFT_ACTIVE_COMPILATION_CONDITIONS = "DEBUG $(inherited)";
				SWIFT_OPTIMIZATION_LEVEL = "-Onone";
			};
			name = Debug;
		};
		D40262772DB67C8000D4B0FC /* Release */ = {
			isa = XCBuildConfiguration;
			buildSettings = {
				ALWAYS_SEARCH_USER_PATHS = NO;
				ASSETCATALOG_COMPILER_GENERATE_SWIFT_ASSET_SYMBOL_EXTENSIONS = YES;
				CLANG_ANALYZER_NONNULL = YES;
				CLANG_ANALYZER_NUMBER_OBJECT_CONVERSION = YES_AGGRESSIVE;
				CLANG_CXX_LANGUAGE_STANDARD = "gnu++20";
				CLANG_ENABLE_MODULES = YES;
				CLANG_ENABLE_OBJC_ARC = YES;
				CLANG_ENABLE_OBJC_WEAK = YES;
				CLANG_WARN_BLOCK_CAPTURE_AUTORELEASING = YES;
				CLANG_WARN_BOOL_CONVERSION = YES;
				CLANG_WARN_COMMA = YES;
				CLANG_WARN_CONSTANT_CONVERSION = YES;
				CLANG_WARN_DEPRECATED_OBJC_IMPLEMENTATIONS = YES;
				CLANG_WARN_DIRECT_OBJC_ISA_USAGE = YES_ERROR;
				CLANG_WARN_DOCUMENTATION_COMMENTS = YES;
				CLANG_WARN_EMPTY_BODY = YES;
				CLANG_WARN_ENUM_CONVERSION = YES;
				CLANG_WARN_INFINITE_RECURSION = YES;
				CLANG_WARN_INT_CONVERSION = YES;
				CLANG_WARN_NON_LITERAL_NULL_CONVERSION = YES;
				CLANG_WARN_OBJC_IMPLICIT_RETAIN_SELF = YES;
				CLANG_WARN_OBJC_LITERAL_CONVERSION = YES;
				CLANG_WARN_OBJC_ROOT_CLASS = YES_ERROR;
				CLANG_WARN_QUOTED_INCLUDE_IN_FRAMEWORK_HEADER = YES;
				CLANG_WARN_RANGE_LOOP_ANALYSIS = YES;
				CLANG_WARN_STRICT_PROTOTYPES = YES;
				CLANG_WARN_SUSPICIOUS_MOVE = YES;
				CLANG_WARN_UNGUARDED_AVAILABILITY = YES_AGGRESSIVE;
				CLANG_WARN_UNREACHABLE_CODE = YES;
				CLANG_WARN__DUPLICATE_METHOD_MATCH = YES;
				COPY_PHASE_STRIP = NO;
				DEBUG_INFORMATION_FORMAT = "dwarf-with-dsym";
				DEVELOPMENT_TEAM = 9WHJV52HKH;
				ENABLE_NS_ASSERTIONS = NO;
				ENABLE_STRICT_OBJC_MSGSEND = YES;
				ENABLE_USER_SCRIPT_SANDBOXING = YES;
				GCC_C_LANGUAGE_STANDARD = gnu17;
				GCC_NO_COMMON_BLOCKS = YES;
				GCC_WARN_64_TO_32_BIT_CONVERSION = YES;
				GCC_WARN_ABOUT_RETURN_TYPE = YES_ERROR;
				GCC_WARN_UNDECLARED_SELECTOR = YES;
				GCC_WARN_UNINITIALIZED_AUTOS = YES_AGGRESSIVE;
				GCC_WARN_UNUSED_FUNCTION = YES;
				GCC_WARN_UNUSED_VARIABLE = YES;
				IPHONEOS_DEPLOYMENT_TARGET = 18.4;
				LOCALIZATION_PREFERS_STRING_CATALOGS = YES;
				MTL_ENABLE_DEBUG_INFO = NO;
				MTL_FAST_MATH = YES;
				SDKROOT = iphoneos;
				SWIFT_COMPILATION_MODE = wholemodule;
				VALIDATE_PRODUCT = YES;
			};
			name = Release;
		};
		D40262792DB67C8000D4B0FC /* Debug */ = {
			isa = XCBuildConfiguration;
			buildSettings = {
				ASSETCATALOG_COMPILER_APPICON_NAME = AppIcon;
				ASSETCATALOG_COMPILER_GLOBAL_ACCENT_COLOR_NAME = AccentColor;
				CODE_SIGN_STYLE = Automatic;
				CURRENT_PROJECT_VERSION = 1;
				DEVELOPMENT_TEAM = 9WHJV52HKH;
				ENABLE_PREVIEWS = YES;
				GENERATE_INFOPLIST_FILE = YES;
				INFOPLIST_FILE = DexAlarmsPlus/Info.plist;
				INFOPLIST_KEY_NSBluetoothAlwaysUsageDescription = "";
				INFOPLIST_KEY_UIApplicationSceneManifest_Generation = YES;
				INFOPLIST_KEY_UIApplicationSupportsIndirectInputEvents = YES;
				INFOPLIST_KEY_UILaunchScreen_Generation = YES;
				INFOPLIST_KEY_UISupportedInterfaceOrientations_iPad = "UIInterfaceOrientationPortrait UIInterfaceOrientationPortraitUpsideDown UIInterfaceOrientationLandscapeLeft UIInterfaceOrientationLandscapeRight";
				INFOPLIST_KEY_UISupportedInterfaceOrientations_iPhone = "UIInterfaceOrientationPortrait UIInterfaceOrientationLandscapeLeft UIInterfaceOrientationLandscapeRight";
				LD_RUNPATH_SEARCH_PATHS = (
					"$(inherited)",
					"@executable_path/Frameworks",
				);
				MARKETING_VERSION = 1.0;
				PRODUCT_BUNDLE_IDENTIFIER = stephanlaarhuis.DexAlarmsPlus;
				PRODUCT_NAME = "$(TARGET_NAME)";
				SWIFT_EMIT_LOC_STRINGS = YES;
				SWIFT_VERSION = 5.0;
				TARGETED_DEVICE_FAMILY = "1,2";
			};
			name = Debug;
		};
		D402627A2DB67C8000D4B0FC /* Release */ = {
			isa = XCBuildConfiguration;
			buildSettings = {
				ASSETCATALOG_COMPILER_APPICON_NAME = AppIcon;
				ASSETCATALOG_COMPILER_GLOBAL_ACCENT_COLOR_NAME = AccentColor;
				CODE_SIGN_STYLE = Automatic;
				CURRENT_PROJECT_VERSION = 1;
				DEVELOPMENT_TEAM = 9WHJV52HKH;
				ENABLE_PREVIEWS = YES;
				GENERATE_INFOPLIST_FILE = YES;
				INFOPLIST_FILE = DexAlarmsPlus/Info.plist;
				INFOPLIST_KEY_NSBluetoothAlwaysUsageDescription = "";
				INFOPLIST_KEY_UIApplicationSceneManifest_Generation = YES;
				INFOPLIST_KEY_UIApplicationSupportsIndirectInputEvents = YES;
				INFOPLIST_KEY_UILaunchScreen_Generation = YES;
				INFOPLIST_KEY_UISupportedInterfaceOrientations_iPad = "UIInterfaceOrientationPortrait UIInterfaceOrientationPortraitUpsideDown UIInterfaceOrientationLandscapeLeft UIInterfaceOrientationLandscapeRight";
				INFOPLIST_KEY_UISupportedInterfaceOrientations_iPhone = "UIInterfaceOrientationPortrait UIInterfaceOrientationLandscapeLeft UIInterfaceOrientationLandscapeRight";
				LD_RUNPATH_SEARCH_PATHS = (
					"$(inherited)",
					"@executable_path/Frameworks",
				);
				MARKETING_VERSION = 1.0;
				PRODUCT_BUNDLE_IDENTIFIER = stephanlaarhuis.DexAlarmsPlus;
				PRODUCT_NAME = "$(TARGET_NAME)";
				SWIFT_EMIT_LOC_STRINGS = YES;
				SWIFT_VERSION = 5.0;
				TARGETED_DEVICE_FAMILY = "1,2";
			};
			name = Release;
		};
		D402627C2DB67C8000D4B0FC /* Debug */ = {
			isa = XCBuildConfiguration;
			buildSettings = {
				BUNDLE_LOADER = "$(TEST_HOST)";
				CODE_SIGN_STYLE = Automatic;
				CURRENT_PROJECT_VERSION = 1;
				DEVELOPMENT_TEAM = 9WHJV52HKH;
				GENERATE_INFOPLIST_FILE = YES;
				IPHONEOS_DEPLOYMENT_TARGET = 18.4;
				MARKETING_VERSION = 1.0;
				PRODUCT_BUNDLE_IDENTIFIER = stephanlaarhuis.DexAlarmsPlusTests;
				PRODUCT_NAME = "$(TARGET_NAME)";
				SWIFT_EMIT_LOC_STRINGS = NO;
				SWIFT_VERSION = 5.0;
				TARGETED_DEVICE_FAMILY = "1,2";
				TEST_HOST = "$(BUILT_PRODUCTS_DIR)/DexAlarmsPlus.app/$(BUNDLE_EXECUTABLE_FOLDER_PATH)/DexAlarmsPlus";
			};
			name = Debug;
		};
		D402627D2DB67C8000D4B0FC /* Release */ = {
			isa = XCBuildConfiguration;
			buildSettings = {
				BUNDLE_LOADER = "$(TEST_HOST)";
				CODE_SIGN_STYLE = Automatic;
				CURRENT_PROJECT_VERSION = 1;
				DEVELOPMENT_TEAM = 9WHJV52HKH;
				GENERATE_INFOPLIST_FILE = YES;
				IPHONEOS_DEPLOYMENT_TARGET = 18.4;
				MARKETING_VERSION = 1.0;
				PRODUCT_BUNDLE_IDENTIFIER = stephanlaarhuis.DexAlarmsPlusTests;
				PRODUCT_NAME = "$(TARGET_NAME)";
				SWIFT_EMIT_LOC_STRINGS = NO;
				SWIFT_VERSION = 5.0;
				TARGETED_DEVICE_FAMILY = "1,2";
				TEST_HOST = "$(BUILT_PRODUCTS_DIR)/DexAlarmsPlus.app/$(BUNDLE_EXECUTABLE_FOLDER_PATH)/DexAlarmsPlus";
			};
			name = Release;
		};
		D402627F2DB67C8000D4B0FC /* Debug */ = {
			isa = XCBuildConfiguration;
			buildSettings = {
				CODE_SIGN_STYLE = Automatic;
				CURRENT_PROJECT_VERSION = 1;
				DEVELOPMENT_TEAM = 9WHJV52HKH;
				GENERATE_INFOPLIST_FILE = YES;
				MARKETING_VERSION = 1.0;
				PRODUCT_BUNDLE_IDENTIFIER = stephanlaarhuis.DexAlarmsPlusUITests;
				PRODUCT_NAME = "$(TARGET_NAME)";
				SWIFT_EMIT_LOC_STRINGS = NO;
				SWIFT_VERSION = 5.0;
				TARGETED_DEVICE_FAMILY = "1,2";
				TEST_TARGET_NAME = DexAlarmsPlus;
			};
			name = Debug;
		};
		D40262802DB67C8000D4B0FC /* Release */ = {
			isa = XCBuildConfiguration;
			buildSettings = {
				CODE_SIGN_STYLE = Automatic;
				CURRENT_PROJECT_VERSION = 1;
				DEVELOPMENT_TEAM = 9WHJV52HKH;
				GENERATE_INFOPLIST_FILE = YES;
				MARKETING_VERSION = 1.0;
				PRODUCT_BUNDLE_IDENTIFIER = stephanlaarhuis.DexAlarmsPlusUITests;
				PRODUCT_NAME = "$(TARGET_NAME)";
				SWIFT_EMIT_LOC_STRINGS = NO;
				SWIFT_VERSION = 5.0;
				TARGETED_DEVICE_FAMILY = "1,2";
				TEST_TARGET_NAME = DexAlarmsPlus;
			};
			name = Release;
		};
/* End XCBuildConfiguration section */

/* Begin XCConfigurationList section */
		D402624D2DB67C7F00D4B0FC /* Build configuration list for PBXProject "DexAlarmsPlus" */ = {
			isa = XCConfigurationList;
			buildConfigurations = (
				D40262762DB67C8000D4B0FC /* Debug */,
				D40262772DB67C8000D4B0FC /* Release */,
			);
			defaultConfigurationIsVisible = 0;
			defaultConfigurationName = Release;
		};
		D40262782DB67C8000D4B0FC /* Build configuration list for PBXNativeTarget "DexAlarmsPlus" */ = {
			isa = XCConfigurationList;
			buildConfigurations = (
				D40262792DB67C8000D4B0FC /* Debug */,
				D402627A2DB67C8000D4B0FC /* Release */,
			);
			defaultConfigurationIsVisible = 0;
			defaultConfigurationName = Release;
		};
		D402627B2DB67C8000D4B0FC /* Build configuration list for PBXNativeTarget "DexAlarmsPlusTests" */ = {
			isa = XCConfigurationList;
			buildConfigurations = (
				D402627C2DB67C8000D4B0FC /* Debug */,
				D402627D2DB67C8000D4B0FC /* Release */,
			);
			defaultConfigurationIsVisible = 0;
			defaultConfigurationName = Release;
		};
		D402627E2DB67C8000D4B0FC /* Build configuration list for PBXNativeTarget "DexAlarmsPlusUITests" */ = {
			isa = XCConfigurationList;
			buildConfigurations = (
				D402627F2DB67C8000D4B0FC /* Debug */,
				D40262802DB67C8000D4B0FC /* Release */,
			);
			defaultConfigurationIsVisible = 0;
			defaultConfigurationName = Release;
		};
/* End XCConfigurationList section */
	};
	rootObject = D402624A2DB67C7F00D4B0FC /* Project object */;
}
